
Microsoft Visual Studio Solution File, Format Version 12.00
# Visual Studio 15
VisualStudioVersion = 15.0.27130.2010
MinimumVisualStudioVersion = 10.0.40219.1
Project("{FAE04EC0-301F-11D3-BF4B-00C04F79EFBC}") = "Create Logger", "Create Logger\Create Logger.csproj", "{0D075CC8-0DAD-4ABB-B1AE-11FDC77352FE}"
EndProject
Global
	GlobalSection(SolutionConfigurationPlatforms) = preSolution
		Debug|Any CPU = Debug|Any CPU
		Release|Any CPU = Release|Any CPU
	EndGlobalSection
	GlobalSection(ProjectConfigurationPlatforms) = postSolution
		{0D075CC8-0DAD-4ABB-B1AE-11FDC77352FE}.Debug|Any CPU.ActiveCfg = Debug|Any CPU
		{0D075CC8-0DAD-4ABB-B1AE-11FDC77352FE}.Debug|Any CPU.Build.0 = Debug|Any CPU
		{0D075CC8-0DAD-4ABB-B1AE-11FDC77352FE}.Release|Any CPU.ActiveCfg = Release|Any CPU
		{0D075CC8-0DAD-4ABB-B1AE-11FDC77352FE}.Release|Any CPU.Build.0 = Release|Any CPU
	EndGlobalSection
	GlobalSection(SolutionProperties) = preSolution
		HideSolutionNode = FALSE
	EndGlobalSection
	GlobalSection(ExtensibilityGlobals) = postSolution
		SolutionGuid = {92FC7582-5DA3-4A49-A6DD-392B53D8BE8D}
	EndGlobalSection
EndGlobal
